
Microsoft Visual Studio Solution File, Format Version 12.00
# Visual Studio 15
VisualStudioVersion = 15.0.28307.106
MinimumVisualStudioVersion = 10.0.40219.1
Project("{FAE04EC0-301F-11D3-BF4B-00C04F79EFBC}") = "Mentormate", "Mentormate\Mentormate.csproj", "{D99A0C5D-8F60-4E8A-834A-A408F9030295}"
EndProject
Global
	GlobalSection(SolutionConfigurationPlatforms) = preSolution
		Debug|Any CPU = Debug|Any CPU
		Release|Any CPU = Release|Any CPU
	EndGlobalSection
	GlobalSection(ProjectConfigurationPlatforms) = postSolution
		{D99A0C5D-8F60-4E8A-834A-A408F9030295}.Debug|Any CPU.ActiveCfg = Debug|Any CPU
		{D99A0C5D-8F60-4E8A-834A-A408F9030295}.Debug|Any CPU.Build.0 = Debug|Any CPU
		{D99A0C5D-8F60-4E8A-834A-A408F9030295}.Release|Any CPU.ActiveCfg = Release|Any CPU
		{D99A0C5D-8F60-4E8A-834A-A408F9030295}.Release|Any CPU.Build.0 = Release|Any CPU
	EndGlobalSection
	GlobalSection(SolutionProperties) = preSolution
		HideSolutionNode = FALSE
	EndGlobalSection
	GlobalSection(ExtensibilityGlobals) = postSolution
		SolutionGuid = {77D9D0EB-5E7B-4ED3-A83A-96470B3E3FA7}
	EndGlobalSection
EndGlobal
